
Microsoft Visual Studio Solution File, Format Version 12.00
# Visual Studio Version 17
VisualStudioVersion = 17.13.35931.197 d17.13
MinimumVisualStudioVersion = 10.0.40219.1
Project("{FAE04EC0-301F-11D3-BF4B-00C04F79EFBC}") = "Memofy", "Memofy.csproj", "{670BC954-AE9B-4443-BEB6-CE3DFEC280D6}"
EndProject
Global
	GlobalSection(SolutionConfigurationPlatforms) = preSolution
		Debug|Any CPU = Debug|Any CPU
		Release|Any CPU = Release|Any CPU
	EndGlobalSection
	GlobalSection(ProjectConfigurationPlatforms) = postSolution
		{670BC954-AE9B-4443-BEB6-CE3DFEC280D6}.Debug|Any CPU.ActiveCfg = Debug|Any CPU
		{670BC954-AE9B-4443-BEB6-CE3DFEC280D6}.Debug|Any CPU.Build.0 = Debug|Any CPU
		{670BC954-AE9B-4443-BEB6-CE3DFEC280D6}.Debug|Any CPU.Deploy.0 = Debug|Any CPU
		{670BC954-AE9B-4443-BEB6-CE3DFEC280D6}.Release|Any CPU.ActiveCfg = Release|Any CPU
		{670BC954-AE9B-4443-BEB6-CE3DFEC280D6}.Release|Any CPU.Build.0 = Release|Any CPU
		{670BC954-AE9B-4443-BEB6-CE3DFEC280D6}.Release|Any CPU.Deploy.0 = Release|Any CPU
	EndGlobalSection
	GlobalSection(SolutionProperties) = preSolution
		HideSolutionNode = FALSE
	EndGlobalSection
	GlobalSection(ExtensibilityGlobals) = postSolution
		SolutionGuid = {4D3A0F25-8613-455A-B808-5062BCD2CB3E}
	EndGlobalSection
EndGlobal
